
Microsoft Visual Studio Solution File, Format Version 12.00
# Visual Studio Express 2013 for Web
VisualStudioVersion = 12.0.21005.1
MinimumVisualStudioVersion = 10.0.40219.1
Project("{FAE04EC0-301F-11D3-BF4B-00C04F79EFBC}") = "Uol.PagSeguro", "Uol.PagSeguro\Uol.PagSeguro.csproj", "{BABC5658-6AFD-4F8E-81F1-434553663D99}"
EndProject
Project("{FAE04EC0-301F-11D3-BF4B-00C04F79EFBC}") = "CreatePayment", "Examples\CreatePayment\CreatePayment.csproj", "{C68CE19B-C4A4-4892-A5FD-C4646CA3E08E}"
EndProject
Project("{FAE04EC0-301F-11D3-BF4B-00C04F79EFBC}") = "DocExamples", "Examples\DocExamples\DocExamples.csproj", "{60D682C1-2AC5-4162-B968-0835A58FED6C}"
EndProject
Project("{FAE04EC0-301F-11D3-BF4B-00C04F79EFBC}") = "ReceiveNotification", "Examples\ReceiveNotification\ReceiveNotification.csproj", "{E4BC5507-CF38-40BE-8D63-9CB819288CC3}"
EndProject
Project("{FAE04EC0-301F-11D3-BF4B-00C04F79EFBC}") = "SearchTransactionByCode", "Examples\SearchTransactionByCode\SearchTransactionByCode.csproj", "{56366B91-C6AE-4372-A778-6BF2668ECFEF}"
EndProject
Project("{FAE04EC0-301F-11D3-BF4B-00C04F79EFBC}") = "SearchTransactionByDate", "Examples\SearchTransactionByDate\SearchTransactionByDate.csproj", "{07A3BB2F-D863-47B1-A8B9-ABA3E11B6FD4}"
EndProject
Project("{FAE04EC0-301F-11D3-BF4B-00C04F79EFBC}") = "CreatePreApproval", "Examples\CreatePreApproval\CreatePreApproval.csproj", "{19FAADBD-E16D-457B-A6ED-43C2F1A3CA70}"
EndProject
Project("{FAE04EC0-301F-11D3-BF4B-00C04F79EFBC}") = "CreatePaymentWithPreApproval", "Examples\CreatePaymentWithPreApproval\CreatePaymentWithPreApproval.csproj", "{69B6E9D2-F6FB-4A29-A5A1-EBFB6F5D3F6B}"
EndProject
Project("{FAE04EC0-301F-11D3-BF4B-00C04F79EFBC}") = "CancelPreApproval", "Examples\CancelPreApproval\CancelPreApproval.csproj", "{EE47C281-48C4-486C-9F0D-7CD78EF8F266}"
EndProject
Project("{FAE04EC0-301F-11D3-BF4B-00C04F79EFBC}") = "CreatePreApprovalPaymentCharge", "Examples\CreatePreApprovalPaymentCharge\CreatePreApprovalPaymentCharge.csproj", "{528C4D65-38C9-4B92-BCCA-57CCF4071F30}"
EndProject
Global
	GlobalSection(SolutionConfigurationPlatforms) = preSolution
		Debug|Any CPU = Debug|Any CPU
		Debug|Mixed Platforms = Debug|Mixed Platforms
		Debug|x86 = Debug|x86
		Release|Any CPU = Release|Any CPU
		Release|Mixed Platforms = Release|Mixed Platforms
		Release|x86 = Release|x86
	EndGlobalSection
	GlobalSection(ProjectConfigurationPlatforms) = postSolution
		{BABC5658-6AFD-4F8E-81F1-434553663D99}.Debug|Any CPU.ActiveCfg = Debug|Any CPU
		{BABC5658-6AFD-4F8E-81F1-434553663D99}.Debug|Any CPU.Build.0 = Debug|Any CPU
		{BABC5658-6AFD-4F8E-81F1-434553663D99}.Debug|Mixed Platforms.ActiveCfg = Debug|Any CPU
		{BABC5658-6AFD-4F8E-81F1-434553663D99}.Debug|Mixed Platforms.Build.0 = Debug|Any CPU
		{BABC5658-6AFD-4F8E-81F1-434553663D99}.Debug|x86.ActiveCfg = Debug|Any CPU
		{BABC5658-6AFD-4F8E-81F1-434553663D99}.Release|Any CPU.ActiveCfg = Release|Any CPU
		{BABC5658-6AFD-4F8E-81F1-434553663D99}.Release|Any CPU.Build.0 = Release|Any CPU
		{BABC5658-6AFD-4F8E-81F1-434553663D99}.Release|Mixed Platforms.ActiveCfg = Release|Any CPU
		{BABC5658-6AFD-4F8E-81F1-434553663D99}.Release|Mixed Platforms.Build.0 = Release|Any CPU
		{BABC5658-6AFD-4F8E-81F1-434553663D99}.Release|x86.ActiveCfg = Release|Any CPU
		{C68CE19B-C4A4-4892-A5FD-C4646CA3E08E}.Debug|Any CPU.ActiveCfg = Debug|x86
		{C68CE19B-C4A4-4892-A5FD-C4646CA3E08E}.Debug|Mixed Platforms.ActiveCfg = Debug|x86
		{C68CE19B-C4A4-4892-A5FD-C4646CA3E08E}.Debug|Mixed Platforms.Build.0 = Debug|x86
		{C68CE19B-C4A4-4892-A5FD-C4646CA3E08E}.Debug|x86.ActiveCfg = Debug|x86
		{C68CE19B-C4A4-4892-A5FD-C4646CA3E08E}.Debug|x86.Build.0 = Debug|x86
		{C68CE19B-C4A4-4892-A5FD-C4646CA3E08E}.Release|Any CPU.ActiveCfg = Release|x86
		{C68CE19B-C4A4-4892-A5FD-C4646CA3E08E}.Release|Mixed Platforms.ActiveCfg = Release|x86
		{C68CE19B-C4A4-4892-A5FD-C4646CA3E08E}.Release|Mixed Platforms.Build.0 = Release|x86
		{C68CE19B-C4A4-4892-A5FD-C4646CA3E08E}.Release|x86.ActiveCfg = Release|x86
		{C68CE19B-C4A4-4892-A5FD-C4646CA3E08E}.Release|x86.Build.0 = Release|x86
		{60D682C1-2AC5-4162-B968-0835A58FED6C}.Debug|Any CPU.ActiveCfg = Debug|x86
		{60D682C1-2AC5-4162-B968-0835A58FED6C}.Debug|Mixed Platforms.ActiveCfg = Debug|x86
		{60D682C1-2AC5-4162-B968-0835A58FED6C}.Debug|Mixed Platforms.Build.0 = Debug|x86
		{60D682C1-2AC5-4162-B968-0835A58FED6C}.Debug|x86.ActiveCfg = Debug|x86
		{60D682C1-2AC5-4162-B968-0835A58FED6C}.Debug|x86.Build.0 = Debug|x86
		{60D682C1-2AC5-4162-B968-0835A58FED6C}.Release|Any CPU.ActiveCfg = Release|x86
		{60D682C1-2AC5-4162-B968-0835A58FED6C}.Release|Mixed Platforms.ActiveCfg = Release|x86
		{60D682C1-2AC5-4162-B968-0835A58FED6C}.Release|Mixed Platforms.Build.0 = Release|x86
		{60D682C1-2AC5-4162-B968-0835A58FED6C}.Release|x86.ActiveCfg = Release|x86
		{60D682C1-2AC5-4162-B968-0835A58FED6C}.Release|x86.Build.0 = Release|x86
		{E4BC5507-CF38-40BE-8D63-9CB819288CC3}.Debug|Any CPU.ActiveCfg = Debug|x86
		{E4BC5507-CF38-40BE-8D63-9CB819288CC3}.Debug|Mixed Platforms.ActiveCfg = Debug|x86
		{E4BC5507-CF38-40BE-8D63-9CB819288CC3}.Debug|Mixed Platforms.Build.0 = Debug|x86
		{E4BC5507-CF38-40BE-8D63-9CB819288CC3}.Debug|x86.ActiveCfg = Debug|x86
		{E4BC5507-CF38-40BE-8D63-9CB819288CC3}.Debug|x86.Build.0 = Debug|x86
		{E4BC5507-CF38-40BE-8D63-9CB819288CC3}.Release|Any CPU.ActiveCfg = Release|x86
		{E4BC5507-CF38-40BE-8D63-9CB819288CC3}.Release|Mixed Platforms.ActiveCfg = Release|x86
		{E4BC5507-CF38-40BE-8D63-9CB819288CC3}.Release|Mixed Platforms.Build.0 = Release|x86
		{E4BC5507-CF38-40BE-8D63-9CB819288CC3}.Release|x86.ActiveCfg = Release|x86
		{E4BC5507-CF38-40BE-8D63-9CB819288CC3}.Release|x86.Build.0 = Release|x86
		{56366B91-C6AE-4372-A778-6BF2668ECFEF}.Debug|Any CPU.ActiveCfg = Debug|x86
		{56366B91-C6AE-4372-A778-6BF2668ECFEF}.Debug|Mixed Platforms.ActiveCfg = Debug|x86
		{56366B91-C6AE-4372-A778-6BF2668ECFEF}.Debug|Mixed Platforms.Build.0 = Debug|x86
		{56366B91-C6AE-4372-A778-6BF2668ECFEF}.Debug|x86.ActiveCfg = Debug|x86
		{56366B91-C6AE-4372-A778-6BF2668ECFEF}.Debug|x86.Build.0 = Debug|x86
		{56366B91-C6AE-4372-A778-6BF2668ECFEF}.Release|Any CPU.ActiveCfg = Release|x86
		{56366B91-C6AE-4372-A778-6BF2668ECFEF}.Release|Mixed Platforms.ActiveCfg = Release|x86
		{56366B91-C6AE-4372-A778-6BF2668ECFEF}.Release|Mixed Platforms.Build.0 = Release|x86
		{56366B91-C6AE-4372-A778-6BF2668ECFEF}.Release|x86.ActiveCfg = Release|x86
		{56366B91-C6AE-4372-A778-6BF2668ECFEF}.Release|x86.Build.0 = Release|x86
		{07A3BB2F-D863-47B1-A8B9-ABA3E11B6FD4}.Debug|Any CPU.ActiveCfg = Debug|x86
		{07A3BB2F-D863-47B1-A8B9-ABA3E11B6FD4}.Debug|Mixed Platforms.ActiveCfg = Debug|x86
		{07A3BB2F-D863-47B1-A8B9-ABA3E11B6FD4}.Debug|Mixed Platforms.Build.0 = Debug|x86
		{07A3BB2F-D863-47B1-A8B9-ABA3E11B6FD4}.Debug|x86.ActiveCfg = Debug|x86
		{07A3BB2F-D863-47B1-A8B9-ABA3E11B6FD4}.Debug|x86.Build.0 = Debug|x86
		{07A3BB2F-D863-47B1-A8B9-ABA3E11B6FD4}.Release|Any CPU.ActiveCfg = Release|x86
		{07A3BB2F-D863-47B1-A8B9-ABA3E11B6FD4}.Release|Mixed Platforms.ActiveCfg = Release|x86
		{07A3BB2F-D863-47B1-A8B9-ABA3E11B6FD4}.Release|Mixed Platforms.Build.0 = Release|x86
		{07A3BB2F-D863-47B1-A8B9-ABA3E11B6FD4}.Release|x86.ActiveCfg = Release|x86
		{07A3BB2F-D863-47B1-A8B9-ABA3E11B6FD4}.Release|x86.Build.0 = Release|x86
		{19FAADBD-E16D-457B-A6ED-43C2F1A3CA70}.Debug|Any CPU.ActiveCfg = Debug|x86
		{19FAADBD-E16D-457B-A6ED-43C2F1A3CA70}.Debug|Mixed Platforms.ActiveCfg = Debug|x86
		{19FAADBD-E16D-457B-A6ED-43C2F1A3CA70}.Debug|Mixed Platforms.Build.0 = Debug|x86
		{19FAADBD-E16D-457B-A6ED-43C2F1A3CA70}.Debug|x86.ActiveCfg = Debug|x86
		{19FAADBD-E16D-457B-A6ED-43C2F1A3CA70}.Debug|x86.Build.0 = Debug|x86
		{19FAADBD-E16D-457B-A6ED-43C2F1A3CA70}.Release|Any CPU.ActiveCfg = Release|x86
		{19FAADBD-E16D-457B-A6ED-43C2F1A3CA70}.Release|Mixed Platforms.ActiveCfg = Release|x86
		{19FAADBD-E16D-457B-A6ED-43C2F1A3CA70}.Release|Mixed Platforms.Build.0 = Release|x86
		{19FAADBD-E16D-457B-A6ED-43C2F1A3CA70}.Release|x86.ActiveCfg = Release|x86
		{19FAADBD-E16D-457B-A6ED-43C2F1A3CA70}.Release|x86.Build.0 = Release|x86
		{69B6E9D2-F6FB-4A29-A5A1-EBFB6F5D3F6B}.Debug|Any CPU.ActiveCfg = Debug|x86
		{69B6E9D2-F6FB-4A29-A5A1-EBFB6F5D3F6B}.Debug|Mixed Platforms.ActiveCfg = Debug|x86
		{69B6E9D2-F6FB-4A29-A5A1-EBFB6F5D3F6B}.Debug|Mixed Platforms.Build.0 = Debug|x86
		{69B6E9D2-F6FB-4A29-A5A1-EBFB6F5D3F6B}.Debug|x86.ActiveCfg = Debug|x86
		{69B6E9D2-F6FB-4A29-A5A1-EBFB6F5D3F6B}.Debug|x86.Build.0 = Debug|x86
		{69B6E9D2-F6FB-4A29-A5A1-EBFB6F5D3F6B}.Release|Any CPU.ActiveCfg = Release|x86
		{69B6E9D2-F6FB-4A29-A5A1-EBFB6F5D3F6B}.Release|Mixed Platforms.ActiveCfg = Release|x86
		{69B6E9D2-F6FB-4A29-A5A1-EBFB6F5D3F6B}.Release|Mixed Platforms.Build.0 = Release|x86
		{69B6E9D2-F6FB-4A29-A5A1-EBFB6F5D3F6B}.Release|x86.ActiveCfg = Release|x86
		{69B6E9D2-F6FB-4A29-A5A1-EBFB6F5D3F6B}.Release|x86.Build.0 = Release|x86
		{EE47C281-48C4-486C-9F0D-7CD78EF8F266}.Debug|Any CPU.ActiveCfg = Debug|x86
		{EE47C281-48C4-486C-9F0D-7CD78EF8F266}.Debug|Mixed Platforms.ActiveCfg = Debug|x86
		{EE47C281-48C4-486C-9F0D-7CD78EF8F266}.Debug|Mixed Platforms.Build.0 = Debug|x86
		{EE47C281-48C4-486C-9F0D-7CD78EF8F266}.Debug|x86.ActiveCfg = Debug|x86
		{EE47C281-48C4-486C-9F0D-7CD78EF8F266}.Debug|x86.Build.0 = Debug|x86
		{EE47C281-48C4-486C-9F0D-7CD78EF8F266}.Release|Any CPU.ActiveCfg = Release|x86
		{EE47C281-48C4-486C-9F0D-7CD78EF8F266}.Release|Mixed Platforms.ActiveCfg = Release|x86
		{EE47C281-48C4-486C-9F0D-7CD78EF8F266}.Release|Mixed Platforms.Build.0 = Release|x86
		{EE47C281-48C4-486C-9F0D-7CD78EF8F266}.Release|x86.ActiveCfg = Release|x86
		{EE47C281-48C4-486C-9F0D-7CD78EF8F266}.Release|x86.Build.0 = Release|x86
		{528C4D65-38C9-4B92-BCCA-57CCF4071F30}.Debug|Any CPU.ActiveCfg = Debug|x86
		{528C4D65-38C9-4B92-BCCA-57CCF4071F30}.Debug|Mixed Platforms.ActiveCfg = Debug|x86
		{528C4D65-38C9-4B92-BCCA-57CCF4071F30}.Debug|Mixed Platforms.Build.0 = Debug|x86
		{528C4D65-38C9-4B92-BCCA-57CCF4071F30}.Debug|x86.ActiveCfg = Debug|x86
		{528C4D65-38C9-4B92-BCCA-57CCF4071F30}.Debug|x86.Build.0 = Debug|x86
		{528C4D65-38C9-4B92-BCCA-57CCF4071F30}.Release|Any CPU.ActiveCfg = Release|x86
		{528C4D65-38C9-4B92-BCCA-57CCF4071F30}.Release|Mixed Platforms.ActiveCfg = Release|x86
		{528C4D65-38C9-4B92-BCCA-57CCF4071F30}.Release|Mixed Platforms.Build.0 = Release|x86
		{528C4D65-38C9-4B92-BCCA-57CCF4071F30}.Release|x86.ActiveCfg = Release|x86
		{528C4D65-38C9-4B92-BCCA-57CCF4071F30}.Release|x86.Build.0 = Release|x86
	EndGlobalSection
	GlobalSection(SolutionProperties) = preSolution
		HideSolutionNode = FALSE
	EndGlobalSection
EndGlobal
