
Microsoft Visual Studio Solution File, Format Version 12.00
# Visual Studio 15
VisualStudioVersion = 15.0.27130.2026
MinimumVisualStudioVersion = 10.0.40219.1
Project("{FAE04EC0-301F-11D3-BF4B-00C04F79EFBC}") = "Uol.PagSeguro", "Uol.PagSeguro\Uol.PagSeguro.csproj", "{BABC5658-6AFD-4F8E-81F1-434553663D99}"
EndProject
Project("{FAE04EC0-301F-11D3-BF4B-00C04F79EFBC}") = "DocExamples", "Examples\DocExamples\DocExamples.csproj", "{60D682C1-2AC5-4162-B968-0835A58FED6C}"
EndProject
Project("{FAE04EC0-301F-11D3-BF4B-00C04F79EFBC}") = "ReceiveNotification", "Examples\ReceiveNotification\ReceiveNotification.csproj", "{E4BC5507-CF38-40BE-8D63-9CB819288CC3}"
EndProject
Project("{FAE04EC0-301F-11D3-BF4B-00C04F79EFBC}") = "RequestTransactionCancellation", "Examples\RequestTransactionCancellation\RequestTransactionCancellation.csproj", "{19C0AF4F-BB52-4E02-8E1A-AC9C906B5CDD}"
EndProject
Project("{FAE04EC0-301F-11D3-BF4B-00C04F79EFBC}") = "RequestTransactionRefund", "Examples\RequestTransactionRefund\RequestTransactionRefund.csproj", "{1D47E1C1-7058-4657-87E7-F8E6D64C997A}"
EndProject
Project("{2150E333-8FDC-42A3-9474-1A3956D46DE8}") = "PreApproval", "PreApproval", "{549B8B07-3565-4386-9EC2-64AAE85B144D}"
EndProject
Project("{FAE04EC0-301F-11D3-BF4B-00C04F79EFBC}") = "CancelPreApproval", "Examples\preApproval\CancelPreApproval\CancelPreApproval.csproj", "{EE47C281-48C4-486C-9F0D-7CD78EF8F266}"
EndProject
Project("{FAE04EC0-301F-11D3-BF4B-00C04F79EFBC}") = "CreatePreApproval", "Examples\preApproval\CreatePreApproval\CreatePreApproval.csproj", "{19FAADBD-E16D-457B-A6ED-43C2F1A3CA70}"
EndProject
Project("{FAE04EC0-301F-11D3-BF4B-00C04F79EFBC}") = "ChargePreApproval", "Examples\preApproval\ChargePreApproval\ChargePreApproval.csproj", "{528C4D65-38C9-4B92-BCCA-57CCF4071F30}"
EndProject
Project("{FAE04EC0-301F-11D3-BF4B-00C04F79EFBC}") = "CreateSession", "Examples\CreateSession\CreateSession.csproj", "{33A00DDF-F441-40BE-8415-F8F7F72D84E5}"
EndProject
Project("{FAE04EC0-301F-11D3-BF4B-00C04F79EFBC}") = "GetInstallments", "Examples\GetInstallments\GetInstallments.csproj", "{406A13D5-0803-42E8-BB82-F9A96AEC251E}"
EndProject
Project("{2150E333-8FDC-42A3-9474-1A3956D46DE8}") = "Direct", "Direct", "{07BCAF92-DC6A-4471-9993-6D15E4DDCEFB}"
EndProject
Project("{FAE04EC0-301F-11D3-BF4B-00C04F79EFBC}") = "CreateTransactionUsingCreditCard", "Examples\Direct\CreateTransactionUsingCreditCard\CreateTransactionUsingCreditCard.csproj", "{27C9017F-4015-4F79-894B-1B07EEB6CEBE}"
EndProject
Project("{FAE04EC0-301F-11D3-BF4B-00C04F79EFBC}") = "CreateTransactionUsingBoleto", "Examples\Direct\CreateTransactionUsingBoleto\CreateTransactionUsingBoleto.csproj", "{C65FD31A-320B-44E7-B094-5D3FF882E6F2}"
EndProject
Project("{FAE04EC0-301F-11D3-BF4B-00C04F79EFBC}") = "CreateTransactionUsingOnlineDebit", "Examples\Direct\CreateTransactionUsingOnlineDebit\CreateTransactionUsingOnlineDebit.csproj", "{F775EB86-E228-4247-ABF0-33993632E2DD}"
EndProject
Project("{2150E333-8FDC-42A3-9474-1A3956D46DE8}") = "Authorization", "Authorization", "{1C32B3D7-2316-4A3D-A561-F4D7623501B9}"
EndProject
Project("{FAE04EC0-301F-11D3-BF4B-00C04F79EFBC}") = "CreateAuthorization", "Examples\Authorization\CreateAuthorization\CreateAuthorization.csproj", "{E795DB20-B465-4D6D-8128-E8DDE8D25FB8}"
EndProject
Project("{FAE04EC0-301F-11D3-BF4B-00C04F79EFBC}") = "ReceiveAuthorizationNotification", "Examples\ReceiveAuthorizationNotification\ReceiveAuthorizationNotification.csproj", "{92351B44-6505-4D3A-9417-2B9E24C2903F}"
EndProject
Project("{2150E333-8FDC-42A3-9474-1A3956D46DE8}") = "Checkout", "Checkout", "{91346C65-14C1-4E32-93C2-00AB72A1E810}"
EndProject
Project("{FAE04EC0-301F-11D3-BF4B-00C04F79EFBC}") = "CreatePayment", "Examples\Checkout\CreatePayment\CreatePayment.csproj", "{C68CE19B-C4A4-4892-A5FD-C4646CA3E08E}"
EndProject
Project("{FAE04EC0-301F-11D3-BF4B-00C04F79EFBC}") = "CreatePaymentWithPreApproval", "Examples\Checkout\CreatePaymentWithPreApproval\CreatePaymentWithPreApproval.csproj", "{69B6E9D2-F6FB-4A29-A5A1-EBFB6F5D3F6B}"
EndProject
Project("{FAE04EC0-301F-11D3-BF4B-00C04F79EFBC}") = "SearchTransactionAbandoned", "Examples\Checkout\SearchTransactionAbandoned\SearchTransactionAbandoned.csproj", "{57504EA1-98BC-4DBA-A800-02254B3B7791}"
EndProject
Project("{FAE04EC0-301F-11D3-BF4B-00C04F79EFBC}") = "SearchTransactionByCode", "Examples\Checkout\SearchTransactionByCode\SearchTransactionByCode.csproj", "{56366B91-C6AE-4372-A778-6BF2668ECFEF}"
EndProject
Project("{FAE04EC0-301F-11D3-BF4B-00C04F79EFBC}") = "SearchTransactionByDate", "Examples\Checkout\SearchTransactionByDate\SearchTransactionByDate.csproj", "{07A3BB2F-D863-47B1-A8B9-ABA3E11B6FD4}"
EndProject
Project("{FAE04EC0-301F-11D3-BF4B-00C04F79EFBC}") = "SearchTransactionByReference", "Examples\Checkout\SearchTransactionByReference\SearchTransactionByReference.csproj", "{7C4B93D1-D80E-4C92-8965-15E0EE409AA3}"
EndProject
Project("{FAE04EC0-301F-11D3-BF4B-00C04F79EFBC}") = "SearchAuthorizationByCode", "Examples\Authorization\SearchAuthorizationByCode\SearchAuthorizationByCode.csproj", "{810DA3D6-01E0-4AFA-919D-6D244FF1D72C}"
EndProject
Project("{FAE04EC0-301F-11D3-BF4B-00C04F79EFBC}") = "SearchAuthorizationByDate", "Examples\Authorization\SearchAuthorizationByDate\SearchAuthorizationByDate.csproj", "{2191546A-E619-4444-B228-1B3D654EB6DA}"
EndProject
Project("{FAE04EC0-301F-11D3-BF4B-00C04F79EFBC}") = "SearchPreApprovalByCode", "Examples\preApproval\SearchPreApprovalByCode\SearchPreApprovalByCode.csproj", "{2B290B73-C637-4E42-9168-D7B12FBC3D98}"
EndProject
Project("{FAE04EC0-301F-11D3-BF4B-00C04F79EFBC}") = "SearchPreApprovalByDate", "Examples\preApproval\SearchPreApprovalByDate\SearchPreApprovalByDate.csproj", "{7B6F9C80-6CCD-4BA1-9D9E-BF100D9CC59D}"
EndProject
Project("{FAE04EC0-301F-11D3-BF4B-00C04F79EFBC}") = "SearchPreApprovalByInterval", "Examples\preApproval\SearchPreApprovalByInterval\SearchPreApprovalByInterval.csproj", "{1A7BF7FF-E187-4E02-B2E1-F86DFB6DB002}"
EndProject
Project("{FAE04EC0-301F-11D3-BF4B-00C04F79EFBC}") = "SearchPreApprovalByReference", "Examples\preApproval\SearchPreApprovalByReference\SearchPreApprovalByReference.csproj", "{6E19E575-2F19-400E-A3DB-81143B38318A}"
EndProject
Project("{FAE04EC0-301F-11D3-BF4B-00C04F79EFBC}") = "SearchPreApprovalByNotification", "Examples\preApproval\SearchPreApprovalByNotification\SearchPreApprovalByNotification.csproj", "{14304A81-B823-4487-85CF-68C6E4B6C7B2}"
EndProject
Project("{2150E333-8FDC-42A3-9474-1A3956D46DE8}") = "Resources", "Resources", "{1D9C6F31-85DE-4D21-B275-D6CD38C3410C}"
	ProjectSection(SolutionItems) = preProject
		..\.gitignore = ..\.gitignore
		..\LICENSE-2.0.txt = ..\LICENSE-2.0.txt
		..\README.md = ..\README.md
	EndProjectSection
EndProject
Project("{2150E333-8FDC-42A3-9474-1A3956D46DE8}") = "Examples", "Examples", "{96FD70C1-652F-46BC-BE8D-210E5755D49D}"
EndProject
Project("{2150E333-8FDC-42A3-9474-1A3956D46DE8}") = "Configuration", "Configuration", "{B671040E-F3DD-4AF2-9DB1-668C3F3F7F4D}"
	ProjectSection(SolutionItems) = preProject
		Configuration\PagSeguroConfig.xml = Configuration\PagSeguroConfig.xml
	EndProjectSection
EndProject
Global
	GlobalSection(SolutionConfigurationPlatforms) = preSolution
		Debug|x86 = Debug|x86
		Release|x86 = Release|x86
	EndGlobalSection
	GlobalSection(ProjectConfigurationPlatforms) = postSolution
		{BABC5658-6AFD-4F8E-81F1-434553663D99}.Debug|x86.ActiveCfg = Debug|x86
		{BABC5658-6AFD-4F8E-81F1-434553663D99}.Debug|x86.Build.0 = Debug|x86
		{BABC5658-6AFD-4F8E-81F1-434553663D99}.Release|x86.ActiveCfg = Release|x86
		{BABC5658-6AFD-4F8E-81F1-434553663D99}.Release|x86.Build.0 = Release|x86
		{60D682C1-2AC5-4162-B968-0835A58FED6C}.Debug|x86.ActiveCfg = Debug|x86
		{60D682C1-2AC5-4162-B968-0835A58FED6C}.Debug|x86.Build.0 = Debug|x86
		{60D682C1-2AC5-4162-B968-0835A58FED6C}.Release|x86.ActiveCfg = Release|x86
		{60D682C1-2AC5-4162-B968-0835A58FED6C}.Release|x86.Build.0 = Release|x86
		{E4BC5507-CF38-40BE-8D63-9CB819288CC3}.Debug|x86.ActiveCfg = Debug|x86
		{E4BC5507-CF38-40BE-8D63-9CB819288CC3}.Debug|x86.Build.0 = Debug|x86
		{E4BC5507-CF38-40BE-8D63-9CB819288CC3}.Release|x86.ActiveCfg = Release|x86
		{E4BC5507-CF38-40BE-8D63-9CB819288CC3}.Release|x86.Build.0 = Release|x86
		{19C0AF4F-BB52-4E02-8E1A-AC9C906B5CDD}.Debug|x86.ActiveCfg = Debug|x86
		{19C0AF4F-BB52-4E02-8E1A-AC9C906B5CDD}.Debug|x86.Build.0 = Debug|x86
		{19C0AF4F-BB52-4E02-8E1A-AC9C906B5CDD}.Release|x86.ActiveCfg = Release|x86
		{19C0AF4F-BB52-4E02-8E1A-AC9C906B5CDD}.Release|x86.Build.0 = Release|x86
		{1D47E1C1-7058-4657-87E7-F8E6D64C997A}.Debug|x86.ActiveCfg = Debug|x86
		{1D47E1C1-7058-4657-87E7-F8E6D64C997A}.Debug|x86.Build.0 = Debug|x86
		{1D47E1C1-7058-4657-87E7-F8E6D64C997A}.Release|x86.ActiveCfg = Release|x86
		{1D47E1C1-7058-4657-87E7-F8E6D64C997A}.Release|x86.Build.0 = Release|x86
		{EE47C281-48C4-486C-9F0D-7CD78EF8F266}.Debug|x86.ActiveCfg = Debug|x86
		{EE47C281-48C4-486C-9F0D-7CD78EF8F266}.Debug|x86.Build.0 = Debug|x86
		{EE47C281-48C4-486C-9F0D-7CD78EF8F266}.Release|x86.ActiveCfg = Release|x86
		{EE47C281-48C4-486C-9F0D-7CD78EF8F266}.Release|x86.Build.0 = Release|x86
		{19FAADBD-E16D-457B-A6ED-43C2F1A3CA70}.Debug|x86.ActiveCfg = Debug|x86
		{19FAADBD-E16D-457B-A6ED-43C2F1A3CA70}.Debug|x86.Build.0 = Debug|x86
		{19FAADBD-E16D-457B-A6ED-43C2F1A3CA70}.Release|x86.ActiveCfg = Release|x86
		{19FAADBD-E16D-457B-A6ED-43C2F1A3CA70}.Release|x86.Build.0 = Release|x86
		{528C4D65-38C9-4B92-BCCA-57CCF4071F30}.Debug|x86.ActiveCfg = Debug|x86
		{528C4D65-38C9-4B92-BCCA-57CCF4071F30}.Debug|x86.Build.0 = Debug|x86
		{528C4D65-38C9-4B92-BCCA-57CCF4071F30}.Release|x86.ActiveCfg = Release|x86
		{528C4D65-38C9-4B92-BCCA-57CCF4071F30}.Release|x86.Build.0 = Release|x86
		{33A00DDF-F441-40BE-8415-F8F7F72D84E5}.Debug|x86.ActiveCfg = Debug|x86
		{33A00DDF-F441-40BE-8415-F8F7F72D84E5}.Debug|x86.Build.0 = Debug|x86
		{33A00DDF-F441-40BE-8415-F8F7F72D84E5}.Release|x86.ActiveCfg = Release|x86
		{33A00DDF-F441-40BE-8415-F8F7F72D84E5}.Release|x86.Build.0 = Release|x86
		{406A13D5-0803-42E8-BB82-F9A96AEC251E}.Debug|x86.ActiveCfg = Debug|x86
		{406A13D5-0803-42E8-BB82-F9A96AEC251E}.Debug|x86.Build.0 = Debug|x86
		{406A13D5-0803-42E8-BB82-F9A96AEC251E}.Release|x86.ActiveCfg = Release|x86
		{406A13D5-0803-42E8-BB82-F9A96AEC251E}.Release|x86.Build.0 = Release|x86
		{27C9017F-4015-4F79-894B-1B07EEB6CEBE}.Debug|x86.ActiveCfg = Debug|x86
		{27C9017F-4015-4F79-894B-1B07EEB6CEBE}.Debug|x86.Build.0 = Debug|x86
		{27C9017F-4015-4F79-894B-1B07EEB6CEBE}.Release|x86.ActiveCfg = Release|x86
		{27C9017F-4015-4F79-894B-1B07EEB6CEBE}.Release|x86.Build.0 = Release|x86
		{C65FD31A-320B-44E7-B094-5D3FF882E6F2}.Debug|x86.ActiveCfg = Debug|x86
		{C65FD31A-320B-44E7-B094-5D3FF882E6F2}.Debug|x86.Build.0 = Debug|x86
		{C65FD31A-320B-44E7-B094-5D3FF882E6F2}.Release|x86.ActiveCfg = Release|x86
		{C65FD31A-320B-44E7-B094-5D3FF882E6F2}.Release|x86.Build.0 = Release|x86
		{F775EB86-E228-4247-ABF0-33993632E2DD}.Debug|x86.ActiveCfg = Debug|x86
		{F775EB86-E228-4247-ABF0-33993632E2DD}.Debug|x86.Build.0 = Debug|x86
		{F775EB86-E228-4247-ABF0-33993632E2DD}.Release|x86.ActiveCfg = Release|x86
		{F775EB86-E228-4247-ABF0-33993632E2DD}.Release|x86.Build.0 = Release|x86
		{E795DB20-B465-4D6D-8128-E8DDE8D25FB8}.Debug|x86.ActiveCfg = Debug|x86
		{E795DB20-B465-4D6D-8128-E8DDE8D25FB8}.Debug|x86.Build.0 = Debug|x86
		{E795DB20-B465-4D6D-8128-E8DDE8D25FB8}.Release|x86.ActiveCfg = Release|x86
		{E795DB20-B465-4D6D-8128-E8DDE8D25FB8}.Release|x86.Build.0 = Release|x86
		{92351B44-6505-4D3A-9417-2B9E24C2903F}.Debug|x86.ActiveCfg = Debug|x86
		{92351B44-6505-4D3A-9417-2B9E24C2903F}.Debug|x86.Build.0 = Debug|x86
		{92351B44-6505-4D3A-9417-2B9E24C2903F}.Release|x86.ActiveCfg = Release|x86
		{92351B44-6505-4D3A-9417-2B9E24C2903F}.Release|x86.Build.0 = Release|x86
		{C68CE19B-C4A4-4892-A5FD-C4646CA3E08E}.Debug|x86.ActiveCfg = Debug|x86
		{C68CE19B-C4A4-4892-A5FD-C4646CA3E08E}.Debug|x86.Build.0 = Debug|x86
		{C68CE19B-C4A4-4892-A5FD-C4646CA3E08E}.Release|x86.ActiveCfg = Release|x86
		{C68CE19B-C4A4-4892-A5FD-C4646CA3E08E}.Release|x86.Build.0 = Release|x86
		{69B6E9D2-F6FB-4A29-A5A1-EBFB6F5D3F6B}.Debug|x86.ActiveCfg = Debug|x86
		{69B6E9D2-F6FB-4A29-A5A1-EBFB6F5D3F6B}.Debug|x86.Build.0 = Debug|x86
		{69B6E9D2-F6FB-4A29-A5A1-EBFB6F5D3F6B}.Release|x86.ActiveCfg = Release|x86
		{69B6E9D2-F6FB-4A29-A5A1-EBFB6F5D3F6B}.Release|x86.Build.0 = Release|x86
		{57504EA1-98BC-4DBA-A800-02254B3B7791}.Debug|x86.ActiveCfg = Debug|x86
		{57504EA1-98BC-4DBA-A800-02254B3B7791}.Debug|x86.Build.0 = Debug|x86
		{57504EA1-98BC-4DBA-A800-02254B3B7791}.Release|x86.ActiveCfg = Release|x86
		{57504EA1-98BC-4DBA-A800-02254B3B7791}.Release|x86.Build.0 = Release|x86
		{56366B91-C6AE-4372-A778-6BF2668ECFEF}.Debug|x86.ActiveCfg = Debug|x86
		{56366B91-C6AE-4372-A778-6BF2668ECFEF}.Debug|x86.Build.0 = Debug|x86
		{56366B91-C6AE-4372-A778-6BF2668ECFEF}.Release|x86.ActiveCfg = Release|x86
		{56366B91-C6AE-4372-A778-6BF2668ECFEF}.Release|x86.Build.0 = Release|x86
		{07A3BB2F-D863-47B1-A8B9-ABA3E11B6FD4}.Debug|x86.ActiveCfg = Debug|x86
		{07A3BB2F-D863-47B1-A8B9-ABA3E11B6FD4}.Debug|x86.Build.0 = Debug|x86
		{07A3BB2F-D863-47B1-A8B9-ABA3E11B6FD4}.Release|x86.ActiveCfg = Release|x86
		{07A3BB2F-D863-47B1-A8B9-ABA3E11B6FD4}.Release|x86.Build.0 = Release|x86
		{7C4B93D1-D80E-4C92-8965-15E0EE409AA3}.Debug|x86.ActiveCfg = Debug|x86
		{7C4B93D1-D80E-4C92-8965-15E0EE409AA3}.Debug|x86.Build.0 = Debug|x86
		{7C4B93D1-D80E-4C92-8965-15E0EE409AA3}.Release|x86.ActiveCfg = Release|x86
		{7C4B93D1-D80E-4C92-8965-15E0EE409AA3}.Release|x86.Build.0 = Release|x86
		{810DA3D6-01E0-4AFA-919D-6D244FF1D72C}.Debug|x86.ActiveCfg = Debug|x86
		{810DA3D6-01E0-4AFA-919D-6D244FF1D72C}.Debug|x86.Build.0 = Debug|x86
		{810DA3D6-01E0-4AFA-919D-6D244FF1D72C}.Release|x86.ActiveCfg = Release|x86
		{810DA3D6-01E0-4AFA-919D-6D244FF1D72C}.Release|x86.Build.0 = Release|x86
		{2191546A-E619-4444-B228-1B3D654EB6DA}.Debug|x86.ActiveCfg = Debug|x86
		{2191546A-E619-4444-B228-1B3D654EB6DA}.Debug|x86.Build.0 = Debug|x86
		{2191546A-E619-4444-B228-1B3D654EB6DA}.Release|x86.ActiveCfg = Release|x86
		{2191546A-E619-4444-B228-1B3D654EB6DA}.Release|x86.Build.0 = Release|x86
		{2B290B73-C637-4E42-9168-D7B12FBC3D98}.Debug|x86.ActiveCfg = Debug|x86
		{2B290B73-C637-4E42-9168-D7B12FBC3D98}.Debug|x86.Build.0 = Debug|x86
		{2B290B73-C637-4E42-9168-D7B12FBC3D98}.Release|x86.ActiveCfg = Release|x86
		{2B290B73-C637-4E42-9168-D7B12FBC3D98}.Release|x86.Build.0 = Release|x86
		{7B6F9C80-6CCD-4BA1-9D9E-BF100D9CC59D}.Debug|x86.ActiveCfg = Debug|x86
		{7B6F9C80-6CCD-4BA1-9D9E-BF100D9CC59D}.Debug|x86.Build.0 = Debug|x86
		{7B6F9C80-6CCD-4BA1-9D9E-BF100D9CC59D}.Release|x86.ActiveCfg = Release|x86
		{7B6F9C80-6CCD-4BA1-9D9E-BF100D9CC59D}.Release|x86.Build.0 = Release|x86
		{1A7BF7FF-E187-4E02-B2E1-F86DFB6DB002}.Debug|x86.ActiveCfg = Debug|x86
		{1A7BF7FF-E187-4E02-B2E1-F86DFB6DB002}.Debug|x86.Build.0 = Debug|x86
		{1A7BF7FF-E187-4E02-B2E1-F86DFB6DB002}.Release|x86.ActiveCfg = Release|x86
		{1A7BF7FF-E187-4E02-B2E1-F86DFB6DB002}.Release|x86.Build.0 = Release|x86
		{6E19E575-2F19-400E-A3DB-81143B38318A}.Debug|x86.ActiveCfg = Debug|x86
		{6E19E575-2F19-400E-A3DB-81143B38318A}.Debug|x86.Build.0 = Debug|x86
		{6E19E575-2F19-400E-A3DB-81143B38318A}.Release|x86.ActiveCfg = Release|x86
		{6E19E575-2F19-400E-A3DB-81143B38318A}.Release|x86.Build.0 = Release|x86
		{14304A81-B823-4487-85CF-68C6E4B6C7B2}.Debug|x86.ActiveCfg = Debug|x86
		{14304A81-B823-4487-85CF-68C6E4B6C7B2}.Debug|x86.Build.0 = Debug|x86
		{14304A81-B823-4487-85CF-68C6E4B6C7B2}.Release|x86.ActiveCfg = Release|x86
		{14304A81-B823-4487-85CF-68C6E4B6C7B2}.Release|x86.Build.0 = Release|x86
	EndGlobalSection
	GlobalSection(SolutionProperties) = preSolution
		HideSolutionNode = FALSE
	EndGlobalSection
	GlobalSection(NestedProjects) = preSolution
		{60D682C1-2AC5-4162-B968-0835A58FED6C} = {96FD70C1-652F-46BC-BE8D-210E5755D49D}
		{E4BC5507-CF38-40BE-8D63-9CB819288CC3} = {96FD70C1-652F-46BC-BE8D-210E5755D49D}
		{19C0AF4F-BB52-4E02-8E1A-AC9C906B5CDD} = {96FD70C1-652F-46BC-BE8D-210E5755D49D}
		{1D47E1C1-7058-4657-87E7-F8E6D64C997A} = {96FD70C1-652F-46BC-BE8D-210E5755D49D}
		{549B8B07-3565-4386-9EC2-64AAE85B144D} = {96FD70C1-652F-46BC-BE8D-210E5755D49D}
		{EE47C281-48C4-486C-9F0D-7CD78EF8F266} = {549B8B07-3565-4386-9EC2-64AAE85B144D}
		{19FAADBD-E16D-457B-A6ED-43C2F1A3CA70} = {549B8B07-3565-4386-9EC2-64AAE85B144D}
		{528C4D65-38C9-4B92-BCCA-57CCF4071F30} = {549B8B07-3565-4386-9EC2-64AAE85B144D}
		{33A00DDF-F441-40BE-8415-F8F7F72D84E5} = {96FD70C1-652F-46BC-BE8D-210E5755D49D}
		{406A13D5-0803-42E8-BB82-F9A96AEC251E} = {96FD70C1-652F-46BC-BE8D-210E5755D49D}
		{07BCAF92-DC6A-4471-9993-6D15E4DDCEFB} = {96FD70C1-652F-46BC-BE8D-210E5755D49D}
		{27C9017F-4015-4F79-894B-1B07EEB6CEBE} = {07BCAF92-DC6A-4471-9993-6D15E4DDCEFB}
		{C65FD31A-320B-44E7-B094-5D3FF882E6F2} = {07BCAF92-DC6A-4471-9993-6D15E4DDCEFB}
		{F775EB86-E228-4247-ABF0-33993632E2DD} = {07BCAF92-DC6A-4471-9993-6D15E4DDCEFB}
		{1C32B3D7-2316-4A3D-A561-F4D7623501B9} = {96FD70C1-652F-46BC-BE8D-210E5755D49D}
		{E795DB20-B465-4D6D-8128-E8DDE8D25FB8} = {1C32B3D7-2316-4A3D-A561-F4D7623501B9}
		{92351B44-6505-4D3A-9417-2B9E24C2903F} = {96FD70C1-652F-46BC-BE8D-210E5755D49D}
		{91346C65-14C1-4E32-93C2-00AB72A1E810} = {96FD70C1-652F-46BC-BE8D-210E5755D49D}
		{C68CE19B-C4A4-4892-A5FD-C4646CA3E08E} = {91346C65-14C1-4E32-93C2-00AB72A1E810}
		{69B6E9D2-F6FB-4A29-A5A1-EBFB6F5D3F6B} = {91346C65-14C1-4E32-93C2-00AB72A1E810}
		{57504EA1-98BC-4DBA-A800-02254B3B7791} = {91346C65-14C1-4E32-93C2-00AB72A1E810}
		{56366B91-C6AE-4372-A778-6BF2668ECFEF} = {91346C65-14C1-4E32-93C2-00AB72A1E810}
		{07A3BB2F-D863-47B1-A8B9-ABA3E11B6FD4} = {91346C65-14C1-4E32-93C2-00AB72A1E810}
		{7C4B93D1-D80E-4C92-8965-15E0EE409AA3} = {91346C65-14C1-4E32-93C2-00AB72A1E810}
		{810DA3D6-01E0-4AFA-919D-6D244FF1D72C} = {1C32B3D7-2316-4A3D-A561-F4D7623501B9}
		{2191546A-E619-4444-B228-1B3D654EB6DA} = {1C32B3D7-2316-4A3D-A561-F4D7623501B9}
		{2B290B73-C637-4E42-9168-D7B12FBC3D98} = {549B8B07-3565-4386-9EC2-64AAE85B144D}
		{7B6F9C80-6CCD-4BA1-9D9E-BF100D9CC59D} = {549B8B07-3565-4386-9EC2-64AAE85B144D}
		{1A7BF7FF-E187-4E02-B2E1-F86DFB6DB002} = {549B8B07-3565-4386-9EC2-64AAE85B144D}
		{6E19E575-2F19-400E-A3DB-81143B38318A} = {549B8B07-3565-4386-9EC2-64AAE85B144D}
		{14304A81-B823-4487-85CF-68C6E4B6C7B2} = {549B8B07-3565-4386-9EC2-64AAE85B144D}
	EndGlobalSection
	GlobalSection(ExtensibilityGlobals) = postSolution
		SolutionGuid = {F2947034-45A8-4A42-B21C-D6BF021A1F4F}
	EndGlobalSection
EndGlobal
